
Microsoft Visual Studio Solution File, Format Version 12.00
# Visual Studio Version 16
VisualStudioVersion = 16.0.28407.52
MinimumVisualStudioVersion = 10.0.40219.1
Project("{9A19103F-16F7-4668-BE54-9A1E7A4F7556}") = "CustomFramework.Data", "CustomFramework.Data\CustomFramework.Data.csproj", "{BBDB3E65-723B-4B6C-B14A-A36BA126D654}"
EndProject
Project("{9A19103F-16F7-4668-BE54-9A1E7A4F7556}") = "CustomFramework.Authorization", "CustomFramework.Authorization\CustomFramework.Authorization.csproj", "{6E7A8EF7-BCFC-44F6-A9FB-C436A0BC06A6}"
EndProject
Project("{9A19103F-16F7-4668-BE54-9A1E7A4F7556}") = "CustomFramework.WebApiUtils", "CustomFramework.WebApiUtils\CustomFramework.WebApiUtils.csproj", "{1FAB9A5A-6E73-47BD-8BA1-8CE6DCD805EE}"
EndProject
Project("{9A19103F-16F7-4668-BE54-9A1E7A4F7556}") = "CustomFramework.WebApiUtils.Authorization", "CustomFramework.WebApiUtils.Authorization\CustomFramework.WebApiUtils.Authorization.csproj", "{9022F5E3-2A25-485A-8D74-26694FF30AAB}"
EndProject
Project("{9A19103F-16F7-4668-BE54-9A1E7A4F7556}") = "CustomFramework.Utils", "CustomFramework.Utils\CustomFramework.Utils.csproj", "{4503935E-AB31-45E8-B95A-C825B80CEB17}"
EndProject
Project("{FAE04EC0-301F-11D3-BF4B-00C04F79EFBC}") = "CustomFramework.WebApiCodeGenerator", "CustomFramework.WebApiCodeGenerator\CustomFramework.WebApiCodeGenerator.csproj", "{028DBC9F-FCB8-45D3-9DBF-B30E8D0CAC0F}"
EndProject
Project("{9A19103F-16F7-4668-BE54-9A1E7A4F7556}") = "CustomFramework.EmailProvider", "CustomFramework.EmailProvider\CustomFramework.EmailProvider.csproj", "{66367115-3278-4159-B558-534594E08E43}"
EndProject
Project("{9A19103F-16F7-4668-BE54-9A1E7A4F7556}") = "CustomFramework.FtpClient", "CustomFramework.FtpClient\CustomFramework.FtpClient.csproj", "{F943867F-CA90-4969-86F3-ED8E36827E42}"
EndProject
Project("{9A19103F-16F7-4668-BE54-9A1E7A4F7556}") = "CustomFramework.WebApiUtils.Authorization.Contracts", "CustomFramework.WebApiUtils.Authorization.Contracts\CustomFramework.WebApiUtils.Authorization.Contracts.csproj", "{A1D0F121-E239-4060-A5C0-D26D08D60B2E}"
EndProject
Project("{9A19103F-16F7-4668-BE54-9A1E7A4F7556}") = "CustomFramework.LogProvider", "CustomFramework.LogProvider\CustomFramework.LogProvider.csproj", "{2D1BFAEE-08CD-4BA9-A728-6E94E20B2D39}"
EndProject
Project("{9A19103F-16F7-4668-BE54-9A1E7A4F7556}") = "CustomFramework.WebApiUtils.Contracts", "CustomFramework.WebApiUtils.Contracts\CustomFramework.WebApiUtils.Contracts.csproj", "{E229F682-C6AB-4D19-B759-5E429C734113}"
EndProject
Global
	GlobalSection(SolutionConfigurationPlatforms) = preSolution
		Debug|Any CPU = Debug|Any CPU
		Release|Any CPU = Release|Any CPU
	EndGlobalSection
	GlobalSection(ProjectConfigurationPlatforms) = postSolution
		{BBDB3E65-723B-4B6C-B14A-A36BA126D654}.Debug|Any CPU.ActiveCfg = Debug|Any CPU
		{BBDB3E65-723B-4B6C-B14A-A36BA126D654}.Debug|Any CPU.Build.0 = Debug|Any CPU
		{BBDB3E65-723B-4B6C-B14A-A36BA126D654}.Release|Any CPU.ActiveCfg = Release|Any CPU
		{BBDB3E65-723B-4B6C-B14A-A36BA126D654}.Release|Any CPU.Build.0 = Release|Any CPU
		{6E7A8EF7-BCFC-44F6-A9FB-C436A0BC06A6}.Debug|Any CPU.ActiveCfg = Debug|Any CPU
		{6E7A8EF7-BCFC-44F6-A9FB-C436A0BC06A6}.Debug|Any CPU.Build.0 = Debug|Any CPU
		{6E7A8EF7-BCFC-44F6-A9FB-C436A0BC06A6}.Release|Any CPU.ActiveCfg = Release|Any CPU
		{6E7A8EF7-BCFC-44F6-A9FB-C436A0BC06A6}.Release|Any CPU.Build.0 = Release|Any CPU
		{1FAB9A5A-6E73-47BD-8BA1-8CE6DCD805EE}.Debug|Any CPU.ActiveCfg = Debug|Any CPU
		{1FAB9A5A-6E73-47BD-8BA1-8CE6DCD805EE}.Debug|Any CPU.Build.0 = Debug|Any CPU
		{1FAB9A5A-6E73-47BD-8BA1-8CE6DCD805EE}.Release|Any CPU.ActiveCfg = Release|Any CPU
		{1FAB9A5A-6E73-47BD-8BA1-8CE6DCD805EE}.Release|Any CPU.Build.0 = Release|Any CPU
		{9022F5E3-2A25-485A-8D74-26694FF30AAB}.Debug|Any CPU.ActiveCfg = Debug|Any CPU
		{9022F5E3-2A25-485A-8D74-26694FF30AAB}.Debug|Any CPU.Build.0 = Debug|Any CPU
		{9022F5E3-2A25-485A-8D74-26694FF30AAB}.Release|Any CPU.ActiveCfg = Release|Any CPU
		{9022F5E3-2A25-485A-8D74-26694FF30AAB}.Release|Any CPU.Build.0 = Release|Any CPU
		{4503935E-AB31-45E8-B95A-C825B80CEB17}.Debug|Any CPU.ActiveCfg = Debug|Any CPU
		{4503935E-AB31-45E8-B95A-C825B80CEB17}.Debug|Any CPU.Build.0 = Debug|Any CPU
		{4503935E-AB31-45E8-B95A-C825B80CEB17}.Release|Any CPU.ActiveCfg = Release|Any CPU
		{4503935E-AB31-45E8-B95A-C825B80CEB17}.Release|Any CPU.Build.0 = Release|Any CPU
		{028DBC9F-FCB8-45D3-9DBF-B30E8D0CAC0F}.Debug|Any CPU.ActiveCfg = Debug|Any CPU
		{028DBC9F-FCB8-45D3-9DBF-B30E8D0CAC0F}.Debug|Any CPU.Build.0 = Debug|Any CPU
		{028DBC9F-FCB8-45D3-9DBF-B30E8D0CAC0F}.Release|Any CPU.ActiveCfg = Release|Any CPU
		{028DBC9F-FCB8-45D3-9DBF-B30E8D0CAC0F}.Release|Any CPU.Build.0 = Release|Any CPU
		{66367115-3278-4159-B558-534594E08E43}.Debug|Any CPU.ActiveCfg = Debug|Any CPU
		{66367115-3278-4159-B558-534594E08E43}.Debug|Any CPU.Build.0 = Debug|Any CPU
		{66367115-3278-4159-B558-534594E08E43}.Release|Any CPU.ActiveCfg = Release|Any CPU
		{66367115-3278-4159-B558-534594E08E43}.Release|Any CPU.Build.0 = Release|Any CPU
		{F943867F-CA90-4969-86F3-ED8E36827E42}.Debug|Any CPU.ActiveCfg = Debug|Any CPU
		{F943867F-CA90-4969-86F3-ED8E36827E42}.Debug|Any CPU.Build.0 = Debug|Any CPU
		{F943867F-CA90-4969-86F3-ED8E36827E42}.Release|Any CPU.ActiveCfg = Release|Any CPU
		{F943867F-CA90-4969-86F3-ED8E36827E42}.Release|Any CPU.Build.0 = Release|Any CPU
		{A1D0F121-E239-4060-A5C0-D26D08D60B2E}.Debug|Any CPU.ActiveCfg = Debug|Any CPU
		{A1D0F121-E239-4060-A5C0-D26D08D60B2E}.Debug|Any CPU.Build.0 = Debug|Any CPU
		{A1D0F121-E239-4060-A5C0-D26D08D60B2E}.Release|Any CPU.ActiveCfg = Release|Any CPU
		{A1D0F121-E239-4060-A5C0-D26D08D60B2E}.Release|Any CPU.Build.0 = Release|Any CPU
		{2D1BFAEE-08CD-4BA9-A728-6E94E20B2D39}.Debug|Any CPU.ActiveCfg = Debug|Any CPU
		{2D1BFAEE-08CD-4BA9-A728-6E94E20B2D39}.Debug|Any CPU.Build.0 = Debug|Any CPU
		{2D1BFAEE-08CD-4BA9-A728-6E94E20B2D39}.Release|Any CPU.ActiveCfg = Release|Any CPU
		{2D1BFAEE-08CD-4BA9-A728-6E94E20B2D39}.Release|Any CPU.Build.0 = Release|Any CPU
		{E229F682-C6AB-4D19-B759-5E429C734113}.Debug|Any CPU.ActiveCfg = Debug|Any CPU
		{E229F682-C6AB-4D19-B759-5E429C734113}.Debug|Any CPU.Build.0 = Debug|Any CPU
		{E229F682-C6AB-4D19-B759-5E429C734113}.Release|Any CPU.ActiveCfg = Release|Any CPU
		{E229F682-C6AB-4D19-B759-5E429C734113}.Release|Any CPU.Build.0 = Release|Any CPU
	EndGlobalSection
	GlobalSection(SolutionProperties) = preSolution
		HideSolutionNode = FALSE
	EndGlobalSection
	GlobalSection(ExtensibilityGlobals) = postSolution
		SolutionGuid = {2A71DB80-3167-4086-B102-56344A00F1CA}
	EndGlobalSection
EndGlobal
